
Microsoft Visual Studio Solution File, Format Version 12.00
# Visual Studio Version 16
VisualStudioVersion = 16.0.30114.105
MinimumVisualStudioVersion = 10.0.40219.1
Project("{FAE04EC0-301F-11D3-BF4B-00C04F79EFBC}") = "API", "API\API.csproj", "{98BCA1D3-E66A-4CA2-A863-85F5567CC17D}"
EndProject
Project("{FAE04EC0-301F-11D3-BF4B-00C04F79EFBC}") = "Core", "Core\Core.csproj", "{24F5C987-8173-4A67-AEC1-89D365912B57}"
EndProject
Project("{FAE04EC0-301F-11D3-BF4B-00C04F79EFBC}") = "Infrastructure", "Infrastructure\Infrastructure.csproj", "{58B60457-D4AE-44DF-B853-897AAF81D7D5}"
EndProject
Global
	GlobalSection(SolutionConfigurationPlatforms) = preSolution
		Debug|Any CPU = Debug|Any CPU
		Debug|x64 = Debug|x64
		Debug|x86 = Debug|x86
		Release|Any CPU = Release|Any CPU
		Release|x64 = Release|x64
		Release|x86 = Release|x86
	EndGlobalSection
	GlobalSection(SolutionProperties) = preSolution
		HideSolutionNode = FALSE
	EndGlobalSection
	GlobalSection(ProjectConfigurationPlatforms) = postSolution
		{98BCA1D3-E66A-4CA2-A863-85F5567CC17D}.Debug|Any CPU.ActiveCfg = Debug|Any CPU
		{98BCA1D3-E66A-4CA2-A863-85F5567CC17D}.Debug|Any CPU.Build.0 = Debug|Any CPU
		{98BCA1D3-E66A-4CA2-A863-85F5567CC17D}.Debug|x64.ActiveCfg = Debug|Any CPU
		{98BCA1D3-E66A-4CA2-A863-85F5567CC17D}.Debug|x64.Build.0 = Debug|Any CPU
		{98BCA1D3-E66A-4CA2-A863-85F5567CC17D}.Debug|x86.ActiveCfg = Debug|Any CPU
		{98BCA1D3-E66A-4CA2-A863-85F5567CC17D}.Debug|x86.Build.0 = Debug|Any CPU
		{98BCA1D3-E66A-4CA2-A863-85F5567CC17D}.Release|Any CPU.ActiveCfg = Release|Any CPU
		{98BCA1D3-E66A-4CA2-A863-85F5567CC17D}.Release|Any CPU.Build.0 = Release|Any CPU
		{98BCA1D3-E66A-4CA2-A863-85F5567CC17D}.Release|x64.ActiveCfg = Release|Any CPU
		{98BCA1D3-E66A-4CA2-A863-85F5567CC17D}.Release|x64.Build.0 = Release|Any CPU
		{98BCA1D3-E66A-4CA2-A863-85F5567CC17D}.Release|x86.ActiveCfg = Release|Any CPU
		{98BCA1D3-E66A-4CA2-A863-85F5567CC17D}.Release|x86.Build.0 = Release|Any CPU
		{24F5C987-8173-4A67-AEC1-89D365912B57}.Debug|Any CPU.ActiveCfg = Debug|Any CPU
		{24F5C987-8173-4A67-AEC1-89D365912B57}.Debug|Any CPU.Build.0 = Debug|Any CPU
		{24F5C987-8173-4A67-AEC1-89D365912B57}.Debug|x64.ActiveCfg = Debug|Any CPU
		{24F5C987-8173-4A67-AEC1-89D365912B57}.Debug|x64.Build.0 = Debug|Any CPU
		{24F5C987-8173-4A67-AEC1-89D365912B57}.Debug|x86.ActiveCfg = Debug|Any CPU
		{24F5C987-8173-4A67-AEC1-89D365912B57}.Debug|x86.Build.0 = Debug|Any CPU
		{24F5C987-8173-4A67-AEC1-89D365912B57}.Release|Any CPU.ActiveCfg = Release|Any CPU
		{24F5C987-8173-4A67-AEC1-89D365912B57}.Release|Any CPU.Build.0 = Release|Any CPU
		{24F5C987-8173-4A67-AEC1-89D365912B57}.Release|x64.ActiveCfg = Release|Any CPU
		{24F5C987-8173-4A67-AEC1-89D365912B57}.Release|x64.Build.0 = Release|Any CPU
		{24F5C987-8173-4A67-AEC1-89D365912B57}.Release|x86.ActiveCfg = Release|Any CPU
		{24F5C987-8173-4A67-AEC1-89D365912B57}.Release|x86.Build.0 = Release|Any CPU
		{58B60457-D4AE-44DF-B853-897AAF81D7D5}.Debug|Any CPU.ActiveCfg = Debug|Any CPU
		{58B60457-D4AE-44DF-B853-897AAF81D7D5}.Debug|Any CPU.Build.0 = Debug|Any CPU
		{58B60457-D4AE-44DF-B853-897AAF81D7D5}.Debug|x64.ActiveCfg = Debug|Any CPU
		{58B60457-D4AE-44DF-B853-897AAF81D7D5}.Debug|x64.Build.0 = Debug|Any CPU
		{58B60457-D4AE-44DF-B853-897AAF81D7D5}.Debug|x86.ActiveCfg = Debug|Any CPU
		{58B60457-D4AE-44DF-B853-897AAF81D7D5}.Debug|x86.Build.0 = Debug|Any CPU
		{58B60457-D4AE-44DF-B853-897AAF81D7D5}.Release|Any CPU.ActiveCfg = Release|Any CPU
		{58B60457-D4AE-44DF-B853-897AAF81D7D5}.Release|Any CPU.Build.0 = Release|Any CPU
		{58B60457-D4AE-44DF-B853-897AAF81D7D5}.Release|x64.ActiveCfg = Release|Any CPU
		{58B60457-D4AE-44DF-B853-897AAF81D7D5}.Release|x64.Build.0 = Release|Any CPU
		{58B60457-D4AE-44DF-B853-897AAF81D7D5}.Release|x86.ActiveCfg = Release|Any CPU
		{58B60457-D4AE-44DF-B853-897AAF81D7D5}.Release|x86.Build.0 = Release|Any CPU
	EndGlobalSection
EndGlobal
